
Microsoft Visual Studio Solution File, Format Version 12.00
# Visual Studio Version 16
VisualStudioVersion = 16.0.30204.135
MinimumVisualStudioVersion = 10.0.40219.1
Project("{FAE04EC0-301F-11D3-BF4B-00C04F79EFBC}") = "GoogleMeetTest", "GoogleMeetTest\GoogleMeetTest.csproj", "{B1D78E9C-BCC8-4270-B1DF-5B8D1FBD9E44}"
EndProject
Global
	GlobalSection(SolutionConfigurationPlatforms) = preSolution
		Debug|Any CPU = Debug|Any CPU
		Release|Any CPU = Release|Any CPU
	EndGlobalSection
	GlobalSection(ProjectConfigurationPlatforms) = postSolution
		{B1D78E9C-BCC8-4270-B1DF-5B8D1FBD9E44}.Debug|Any CPU.ActiveCfg = Debug|Any CPU
		{B1D78E9C-BCC8-4270-B1DF-5B8D1FBD9E44}.Debug|Any CPU.Build.0 = Debug|Any CPU
		{B1D78E9C-BCC8-4270-B1DF-5B8D1FBD9E44}.Release|Any CPU.ActiveCfg = Release|Any CPU
		{B1D78E9C-BCC8-4270-B1DF-5B8D1FBD9E44}.Release|Any CPU.Build.0 = Release|Any CPU
	EndGlobalSection
	GlobalSection(SolutionProperties) = preSolution
		HideSolutionNode = FALSE
	EndGlobalSection
	GlobalSection(ExtensibilityGlobals) = postSolution
		SolutionGuid = {A7DF7FA3-9183-42B3-8469-1FB46BA9A430}
	EndGlobalSection
EndGlobal
